
Microsoft Visual Studio Solution File, Format Version 12.00
# Visual Studio Version 16
VisualStudioVersion = 16.0.31105.61
MinimumVisualStudioVersion = 10.0.40219.1
Project("{9A19103F-16F7-4668-BE54-9A1E7A4F7556}") = "CardioLibrary", "CardioLibrary\CardioLibrary.csproj", "{9A81FA43-04A3-4E08-B3F2-7AAF919849CE}"
EndProject
Project("{9A19103F-16F7-4668-BE54-9A1E7A4F7556}") = "DataCardio_Test", "DataCardio_Test\DataCardio_Test.csproj", "{D24BF313-9129-47C0-B811-BF6792390718}"
EndProject
Project("{2150E333-8FDC-42A3-9474-1A3956D46DE8}") = "Solution Items", "Solution Items", "{776AA3BD-FB5D-430C-8FC3-F3F9F9811306}"
	ProjectSection(SolutionItems) = preProject
		dati_battiti_cardiaci_in_un_giorno.txt = dati_battiti_cardiaci_in_un_giorno.txt
	EndProjectSection
EndProject
Project("{9A19103F-16F7-4668-BE54-9A1E7A4F7556}") = "CardioFitWPF", "CardioFitWPF\CardioFitWPF.csproj", "{17D9D001-3792-4809-9906-FC107E1D6ADC}"
EndProject
Project("{FAE04EC0-301F-11D3-BF4B-00C04F79EFBC}") = "CardioFitConsole", "CardioFitConsole\CardioFitConsole.csproj", "{6D775AD8-6499-4CAC-8F52-0E0D899CAFC6}"
EndProject
Global
	GlobalSection(SolutionConfigurationPlatforms) = preSolution
		Debug|Any CPU = Debug|Any CPU
		Release|Any CPU = Release|Any CPU
	EndGlobalSection
	GlobalSection(ProjectConfigurationPlatforms) = postSolution
		{9A81FA43-04A3-4E08-B3F2-7AAF919849CE}.Debug|Any CPU.ActiveCfg = Debug|Any CPU
		{9A81FA43-04A3-4E08-B3F2-7AAF919849CE}.Debug|Any CPU.Build.0 = Debug|Any CPU
		{9A81FA43-04A3-4E08-B3F2-7AAF919849CE}.Release|Any CPU.ActiveCfg = Release|Any CPU
		{9A81FA43-04A3-4E08-B3F2-7AAF919849CE}.Release|Any CPU.Build.0 = Release|Any CPU
		{D24BF313-9129-47C0-B811-BF6792390718}.Debug|Any CPU.ActiveCfg = Debug|Any CPU
		{D24BF313-9129-47C0-B811-BF6792390718}.Debug|Any CPU.Build.0 = Debug|Any CPU
		{D24BF313-9129-47C0-B811-BF6792390718}.Release|Any CPU.ActiveCfg = Release|Any CPU
		{D24BF313-9129-47C0-B811-BF6792390718}.Release|Any CPU.Build.0 = Release|Any CPU
		{17D9D001-3792-4809-9906-FC107E1D6ADC}.Debug|Any CPU.ActiveCfg = Debug|Any CPU
		{17D9D001-3792-4809-9906-FC107E1D6ADC}.Debug|Any CPU.Build.0 = Debug|Any CPU
		{17D9D001-3792-4809-9906-FC107E1D6ADC}.Release|Any CPU.ActiveCfg = Release|Any CPU
		{17D9D001-3792-4809-9906-FC107E1D6ADC}.Release|Any CPU.Build.0 = Release|Any CPU
		{6D775AD8-6499-4CAC-8F52-0E0D899CAFC6}.Debug|Any CPU.ActiveCfg = Debug|Any CPU
		{6D775AD8-6499-4CAC-8F52-0E0D899CAFC6}.Debug|Any CPU.Build.0 = Debug|Any CPU
		{6D775AD8-6499-4CAC-8F52-0E0D899CAFC6}.Release|Any CPU.ActiveCfg = Release|Any CPU
		{6D775AD8-6499-4CAC-8F52-0E0D899CAFC6}.Release|Any CPU.Build.0 = Release|Any CPU
	EndGlobalSection
	GlobalSection(SolutionProperties) = preSolution
		HideSolutionNode = FALSE
	EndGlobalSection
	GlobalSection(ExtensibilityGlobals) = postSolution
		SolutionGuid = {E1A6FF66-6066-4C2A-AED4-B6CE979CC15C}
	EndGlobalSection
EndGlobal
